// !$*UTF8*$!
{
	archiveVersion = 1;
	classes = {
	};
	objectVersion = 46;
	objects = {

/* Begin PBXBuildFile section */
		2DE6F91219E378A100171018 /* main.m in Sources */ = {isa = PBXBuildFile; fileRef = 2DE6F91119E378A100171018 /* main.m */; };
		2DE6F91519E378A100171018 /* AppDelegate.m in Sources */ = {isa = PBXBuildFile; fileRef = 2DE6F91419E378A100171018 /* AppDelegate.m */; };
		2DE6F91819E378A100171018 /* ViewController.m in Sources */ = {isa = PBXBuildFile; fileRef = 2DE6F91719E378A100171018 /* ViewController.m */; };
		2DE6F91B19E378A100171018 /* Main.storyboard in Resources */ = {isa = PBXBuildFile; fileRef = 2DE6F91919E378A100171018 /* Main.storyboard */; };
		2DE6F91D19E378A100171018 /* Images.xcassets in Resources */ = {isa = PBXBuildFile; fileRef = 2DE6F91C19E378A100171018 /* Images.xcassets */; };
		2DE6F92019E378A100171018 /* LaunchScreen.xib in Resources */ = {isa = PBXBuildFile; fileRef = 2DE6F91E19E378A100171018 /* LaunchScreen.xib */; };
		2DE6F92C19E378A100171018 /* swipeTests.m in Sources */ = {isa = PBXBuildFile; fileRef = 2DE6F92B19E378A100171018 /* swipeTests.m */; };
/* End PBXBuildFile section */

/* Begin PBXContainerItemProxy section */
		2DE6F92619E378A100171018 /* PBXContainerItemProxy */ = {
			isa = PBXContainerItemProxy;
			containerPortal = 2DE6F90419E378A100171018 /* Project object */;
			proxyType = 1;
			remoteGlobalIDString = 2DE6F90B19E378A100171018;
			remoteInfo = swipe;
		};
/* End PBXContainerItemProxy section */

/* Begin PBXFileReference section */
		2DE6F90C19E378A100171018 /* swipe.app */ = {isa = PBXFileReference; explicitFileType = wrapper.application; includeInIndex = 0; path = swipe.app; sourceTree = BUILT_PRODUCTS_DIR; };
		2DE6F91019E378A100171018 /* Info.plist */ = {isa = PBXFileReference; lastKnownFileType = text.plist.xml; path = Info.plist; sourceTree = "<group>"; };
		2DE6F91119E378A100171018 /* main.m */ = {isa = PBXFileReference; lastKnownFileType = sourcecode.c.objc; path = main.m; sourceTree = "<group>"; };
		2DE6F91319E378A100171018 /* AppDelegate.h */ = {isa = PBXFileReference; lastKnownFileType = sourcecode.c.h; path = AppDelegate.h; sourceTree = "<group>"; };
		2DE6F91419E378A100171018 /* AppDelegate.m */ = {isa = PBXFileReference; lastKnownFileType = sourcecode.c.objc; path = AppDelegate.m; sourceTree = "<group>"; };
		2DE6F91619E378A100171018 /* ViewController.h */ = {isa = PBXFileReference; lastKnownFileType = sourcecode.c.h; path = ViewController.h; sourceTree = "<group>"; };
		2DE6F91719E378A100171018 /* ViewController.m */ = {isa = PBXFileReference; lastKnownFileType = sourcecode.c.objc; path = ViewController.m; sourceTree = "<group>"; };
		2DE6F91A19E378A100171018 /* Base */ = {isa = PBXFileReference; lastKnownFileType = file.storyboard; name = Base; path = Base.lproj/Main.storyboard; sourceTree = "<group>"; };
		2DE6F91C19E378A100171018 /* Images.xcassets */ = {isa = PBXFileReference; lastKnownFileType = folder.assetcatalog; path = Images.xcassets; sourceTree = "<group>"; };
		2DE6F91F19E378A100171018 /* Base */ = {isa = PBXFileReference; lastKnownFileType = file.xib; name = Base; path = Base.lproj/LaunchScreen.xib; sourceTree = "<group>"; };
		2DE6F92519E378A100171018 /* swipeTests.xctest */ = {isa = PBXFileReference; explicitFileType = wrapper.cfbundle; includeInIndex = 0; path = swipeTests.xctest; sourceTree = BUILT_PRODUCTS_DIR; };
		2DE6F92A19E378A100171018 /* Info.plist */ = {isa = PBXFileReference; lastKnownFileType = text.plist.xml; path = Info.plist; sourceTree = "<group>"; };
		2DE6F92B19E378A100171018 /* swipeTests.m */ = {isa = PBXFileReference; lastKnownFileType = sourcecode.c.objc; path = swipeTests.m; sourceTree = "<group>"; };
/* End PBXFileReference section */

/* Begin PBXFrameworksBuildPhase section */
		2DE6F90919E378A100171018 /* Frameworks */ = {
			isa = PBXFrameworksBuildPhase;
			buildActionMask = 2147483647;
			files = (
			);
			runOnlyForDeploymentPostprocessing = 0;
		};
		2DE6F92219E378A100171018 /* Frameworks */ = {
			isa = PBXFrameworksBuildPhase;
			buildActionMask = 2147483647;
			files = (
			);
			runOnlyForDeploymentPostprocessing = 0;
		};
/* End PBXFrameworksBuildPhase section */

/* Begin PBXGroup section */
		2DE6F90319E378A100171018 = {
			isa = PBXGroup;
			children = (
				2DE6F90E19E378A100171018 /* swipe */,
				2DE6F92819E378A100171018 /* swipeTests */,
				2DE6F90D19E378A100171018 /* Products */,
			);
			sourceTree = "<group>";
		};
		2DE6F90D19E378A100171018 /* Products */ = {
			isa = PBXGroup;
			children = (
				2DE6F90C19E378A100171018 /* swipe.app */,
				2DE6F92519E378A100171018 /* swipeTests.xctest */,
			);
			name = Products;
			sourceTree = "<group>";
		};
		2DE6F90E19E378A100171018 /* swipe */ = {
			isa = PBXGroup;
			children = (
				2DE6F91319E378A100171018 /* AppDelegate.h */,
				2DE6F91419E378A100171018 /* AppDelegate.m */,
				2DE6F91619E378A100171018 /* ViewController.h */,
				2DE6F91719E378A100171018 /* ViewController.m */,
				2DE6F91919E378A100171018 /* Main.storyboard */,
				2DE6F91C19E378A100171018 /* Images.xcassets */,
				2DE6F91E19E378A100171018 /* LaunchScreen.xib */,
				2DE6F90F19E378A100171018 /* Supporting Files */,
			);
			path = swipe;
			sourceTree = "<group>";
		};
		2DE6F90F19E378A100171018 /* Supporting Files */ = {
			isa = PBXGroup;
			children = (
				2DE6F91019E378A100171018 /* Info.plist */,
				2DE6F91119E378A100171018 /* main.m */,
			);
			name = "Supporting Files";
			sourceTree = "<group>";
		};
		2DE6F92819E378A100171018 /* swipeTests */ = {
			isa = PBXGroup;
			children = (
				2DE6F92B19E378A100171018 /* swipeTests.m */,
				2DE6F92919E378A100171018 /* Supporting Files */,
			);
			path = swipeTests;
			sourceTree = "<group>";
		};
		2DE6F92919E378A100171018 /* Supporting Files */ = {
			isa = PBXGroup;
			children = (
				2DE6F92A19E378A100171018 /* Info.plist */,
			);
			name = "Supporting Files";
			sourceTree = "<group>";
		};
/* End PBXGroup section */

/* Begin PBXNativeTarget section */
		2DE6F90B19E378A100171018 /* swipe */ = {
			isa = PBXNativeTarget;
			buildConfigurationList = 2DE6F92F19E378A100171018 /* Build configuration list for PBXNativeTarget "swipe" */;
			buildPhases = (
				2DE6F90819E378A100171018 /* Sources */,
				2DE6F90919E378A100171018 /* Frameworks */,
				2DE6F90A19E378A100171018 /* Resources */,
			);
			buildRules = (
			);
			dependencies = (
			);
			name = swipe;
			productName = swipe;
			productReference = 2DE6F90C19E378A100171018 /* swipe.app */;
			productType = "com.apple.product-type.application";
		};
		2DE6F92419E378A100171018 /* swipeTests */ = {
			isa = PBXNativeTarget;
			buildConfigurationList = 2DE6F93219E378A100171018 /* Build configuration list for PBXNativeTarget "swipeTests" */;
			buildPhases = (
				2DE6F92119E378A100171018 /* Sources */,
				2DE6F92219E378A100171018 /* Frameworks */,
				2DE6F92319E378A100171018 /* Resources */,
			);
			buildRules = (
			);
			dependencies = (
				2DE6F92719E378A100171018 /* PBXTargetDependency */,
			);
			name = swipeTests;
			productName = swipeTests;
			productReference = 2DE6F92519E378A100171018 /* swipeTests.xctest */;
			productType = "com.apple.product-type.bundle.unit-test";
		};
/* End PBXNativeTarget section */

/* Begin PBXProject section */
		2DE6F90419E378A100171018 /* Project object */ = {
			isa = PBXProject;
			attributes = {
				LastUpgradeCheck = 0600;
				ORGANIZATIONNAME = "Jason Mintz";
				TargetAttributes = {
					2DE6F90B19E378A100171018 = {
						CreatedOnToolsVersion = 6.0.1;
					};
					2DE6F92419E378A100171018 = {
						CreatedOnToolsVersion = 6.0.1;
						TestTargetID = 2DE6F90B19E378A100171018;
					};
				};
			};
			buildConfigurationList = 2DE6F90719E378A100171018 /* Build configuration list for PBXProject "swipe" */;
			compatibilityVersion = "Xcode 3.2";
			developmentRegion = English;
			hasScannedForEncodings = 0;
			knownRegions = (
				en,
				Base,
			);
			mainGroup = 2DE6F90319E378A100171018;
			productRefGroup = 2DE6F90D19E378A100171018 /* Products */;
			projectDirPath = "";
			projectRoot = "";
			targets = (
				2DE6F90B19E378A100171018 /* swipe */,
				2DE6F92419E378A100171018 /* swipeTests */,
			);
		};
/* End PBXProject section */

/* Begin PBXResourcesBuildPhase section */
		2DE6F90A19E378A100171018 /* Resources */ = {
			isa = PBXResourcesBuildPhase;
			buildActionMask = 2147483647;
			files = (
				2DE6F91B19E378A100171018 /* Main.storyboard in Resources */,
				2DE6F92019E378A100171018 /* LaunchScreen.xib in Resources */,
				2DE6F91D19E378A100171018 /* Images.xcassets in Resources */,
			);
			runOnlyForDeploymentPostprocessing = 0;
		};
		2DE6F92319E378A100171018 /* Resources */ = {
			isa = PBXResourcesBuildPhase;
			buildActionMask = 2147483647;
			files = (
			);
			runOnlyForDeploymentPostprocessing = 0;
		};
/* End PBXResourcesBuildPhase section */

/* Begin PBXSourcesBuildPhase section */
		2DE6F90819E378A100171018 /* Sources */ = {
			isa = PBXSourcesBuildPhase;
			buildActionMask = 2147483647;
			files = (
				2DE6F91819E378A100171018 /* ViewController.m in Sources */,
				2DE6F91519E378A100171018 /* AppDelegate.m in Sources */,
				2DE6F91219E378A100171018 /* main.m in Sources */,
			);
			runOnlyForDeploymentPostprocessing = 0;
		};
		2DE6F92119E378A100171018 /* Sources */ = {
			isa = PBXSourcesBuildPhase;
			buildActionMask = 2147483647;
			files = (
				2DE6F92C19E378A100171018 /* swipeTests.m in Sources */,
			);
			runOnlyForDeploymentPostprocessing = 0;
		};
/* End PBXSourcesBuildPhase section */

/* Begin PBXTargetDependency section */
		2DE6F92719E378A100171018 /* PBXTargetDependency */ = {
			isa = PBXTargetDependency;
			target = 2DE6F90B19E378A100171018 /* swipe */;
			targetProxy = 2DE6F92619E378A100171018 /* PBXContainerItemProxy */;
		};
/* End PBXTargetDependency section */

/* Begin PBXVariantGroup section */
		2DE6F91919E378A100171018 /* Main.storyboard */ = {
			isa = PBXVariantGroup;
			children = (
				2DE6F91A19E378A100171018 /* Base */,
			);
			name = Main.storyboard;
			sourceTree = "<group>";
		};
		2DE6F91E19E378A100171018 /* LaunchScreen.xib */ = {
			isa = PBXVariantGroup;
			children = (
				2DE6F91F19E378A100171018 /* Base */,
			);
			name = LaunchScreen.xib;
			sourceTree = "<group>";
		};
/* End PBXVariantGroup section */

/* Begin XCBuildConfiguration section */
		2DE6F92D19E378A100171018 /* Debug */ = {
			isa = XCBuildConfiguration;
			buildSettings = {
				ALWAYS_SEARCH_USER_PATHS = NO;
				CLANG_CXX_LANGUAGE_STANDARD = "gnu++0x";
				CLANG_CXX_LIBRARY = "libc++";
				CLANG_ENABLE_MODULES = YES;
				CLANG_ENABLE_OBJC_ARC = YES;
				CLANG_WARN_BOOL_CONVERSION = YES;
				CLANG_WARN_CONSTANT_CONVERSION = YES;
				CLANG_WARN_DIRECT_OBJC_ISA_USAGE = YES_ERROR;
				CLANG_WARN_EMPTY_BODY = YES;
				CLANG_WARN_ENUM_CONVERSION = YES;
				CLANG_WARN_INT_CONVERSION = YES;
				CLANG_WARN_OBJC_ROOT_CLASS = YES_ERROR;
				CLANG_WARN_UNREACHABLE_CODE = YES;
				CLANG_WARN__DUPLICATE_METHOD_MATCH = YES;
				"CODE_SIGN_IDENTITY[sdk=iphoneos*]" = "iPhone Developer";
				COPY_PHASE_STRIP = NO;
				ENABLE_STRICT_OBJC_MSGSEND = YES;
				GCC_C_LANGUAGE_STANDARD = gnu99;
				GCC_DYNAMIC_NO_PIC = NO;
				GCC_OPTIMIZATION_LEVEL = 0;
				GCC_PREPROCESSOR_DEFINITIONS = (
					"DEBUG=1",
					"$(inherited)",
				);
				GCC_SYMBOLS_PRIVATE_EXTERN = NO;
				GCC_WARN_64_TO_32_BIT_CONVERSION = YES;
				GCC_WARN_ABOUT_RETURN_TYPE = YES_ERROR;
				GCC_WARN_UNDECLARED_SELECTOR = YES;
				GCC_WARN_UNINITIALIZED_AUTOS = YES_AGGRESSIVE;
				GCC_WARN_UNUSED_FUNCTION = YES;
				GCC_WARN_UNUSED_VARIABLE = YES;
				IPHONEOS_DEPLOYMENT_TARGET = 8.0;
				MTL_ENABLE_DEBUG_INFO = YES;
				ONLY_ACTIVE_ARCH = YES;
				SDKROOT = iphoneos;
				TARGETED_DEVICE_FAMILY = "1,2";
			};
			name = Debug;
		};
		2DE6F92E19E378A100171018 /* Release */ = {
			isa = XCBuildConfiguration;
			buildSettings = {
				ALWAYS_SEARCH_USER_PATHS = NO;
				CLANG_CXX_LANGUAGE_STANDARD = "gnu++0x";
				CLANG_CXX_LIBRARY = "libc++";
				CLANG_ENABLE_MODULES = YES;
				CLANG_ENABLE_OBJC_ARC = YES;
				CLANG_WARN_BOOL_CONVERSION = YES;
				CLANG_WARN_CONSTANT_CONVERSION = YES;
				CLANG_WARN_DIRECT_OBJC_ISA_USAGE = YES_ERROR;
				CLANG_WARN_EMPTY_BODY = YES;
				CLANG_WARN_ENUM_CONVERSION = YES;
				CLANG_WARN_INT_CONVERSION = YES;
				CLANG_WARN_OBJC_ROOT_CLASS = YES_ERROR;
				CLANG_WARN_UNREACHABLE_CODE = YES;
				CLANG_WARN__DUPLICATE_METHOD_MATCH = YES;
				"CODE_SIGN_IDENTITY[sdk=iphoneos*]" = "iPhone Developer";
				COPY_PHASE_STRIP = YES;
				ENABLE_NS_ASSERTIONS = NO;
				ENABLE_STRICT_OBJC_MSGSEND = YES;
				GCC_C_LANGUAGE_STANDARD = gnu99;
				GCC_WARN_64_TO_32_BIT_CONVERSION = YES;
				GCC_WARN_ABOUT_RETURN_TYPE = YES_ERROR;
				GCC_WARN_UNDECLARED_SELECTOR = YES;
				GCC_WARN_UNINITIALIZED_AUTOS = YES_AGGRESSIVE;
				GCC_WARN_UNUSED_FUNCTION = YES;
				GCC_WARN_UNUSED_VARIABLE = YES;
				IPHONEOS_DEPLOYMENT_TARGET = 8.0;
				MTL_ENABLE_DEBUG_INFO = NO;
				SDKROOT = iphoneos;
				TARGETED_DEVICE_FAMILY = "1,2";
				VALIDATE_PRODUCT = YES;
			};
			name = Release;
		};
		2DE6F93019E378A100171018 /* Debug */ = {
			isa = XCBuildConfiguration;
			buildSettings = {
				ASSETCATALOG_COMPILER_APPICON_NAME = AppIcon;
				INFOPLIST_FILE = swipe/Info.plist;
				LD_RUNPATH_SEARCH_PATHS = "$(inherited) @executable_path/Frameworks";
				PRODUCT_NAME = "$(TARGET_NAME)";
			};
			name = Debug;
		};
		2DE6F93119E378A100171018 /* Release */ = {
			isa = XCBuildConfiguration;
			buildSettings = {
				ASSETCATALOG_COMPILER_APPICON_NAME = AppIcon;
				INFOPLIST_FILE = swipe/Info.plist;
				LD_RUNPATH_SEARCH_PATHS = "$(inherited) @executable_path/Frameworks";
				PRODUCT_NAME = "$(TARGET_NAME)";
			};
			name = Release;
		};
		2DE6F93319E378A100171018 /* Debug */ = {
			isa = XCBuildConfiguration;
			buildSettings = {
				BUNDLE_LOADER = "$(TEST_HOST)";
				FRAMEWORK_SEARCH_PATHS = (
					"$(SDKROOT)/Developer/Library/Frameworks",
					"$(inherited)",
				);
				GCC_PREPROCESSOR_DEFINITIONS = (
					"DEBUG=1",
					"$(inherited)",
				);
				INFOPLIST_FILE = swipeTests/Info.plist;
				LD_RUNPATH_SEARCH_PATHS = "$(inherited) @executable_path/Frameworks @loader_path/Frameworks";
				PRODUCT_NAME = "$(TARGET_NAME)";
				TEST_HOST = "$(BUILT_PRODUCTS_DIR)/swipe.app/swipe";
			};
			name = Debug;
		};
		2DE6F93419E378A100171018 /* Release */ = {
			isa = XCBuildConfiguration;
			buildSettings = {
				BUNDLE_LOADER = "$(TEST_HOST)";
				FRAMEWORK_SEARCH_PATHS = (
					"$(SDKROOT)/Developer/Library/Frameworks",
					"$(inherited)",
				);
				INFOPLIST_FILE = swipeTests/Info.plist;
				LD_RUNPATH_SEARCH_PATHS = "$(inherited) @executable_path/Frameworks @loader_path/Frameworks";
				PRODUCT_NAME = "$(TARGET_NAME)";
				TEST_HOST = "$(BUILT_PRODUCTS_DIR)/swipe.app/swipe";
			};
			name = Release;
		};
/* End XCBuildConfiguration section */

/* Begin XCConfigurationList section */
		2DE6F90719E378A100171018 /* Build configuration list for PBXProject "swipe" */ = {
			isa = XCConfigurationList;
			buildConfigurations = (
				2DE6F92D19E378A100171018 /* Debug */,
				2DE6F92E19E378A100171018 /* Release */,
			);
			defaultConfigurationIsVisible = 0;
			defaultConfigurationName = Release;
		};
		2DE6F92F19E378A100171018 /* Build configuration list for PBXNativeTarget "swipe" */ = {
			isa = XCConfigurationList;
			buildConfigurations = (
				2DE6F93019E378A100171018 /* Debug */,
				2DE6F93119E378A100171018 /* Release */,
			);
			defaultConfigurationIsVisible = 0;
		};
		2DE6F93219E378A100171018 /* Build configuration list for PBXNativeTarget "swipeTests" */ = {
			isa = XCConfigurationList;
			buildConfigurations = (
				2DE6F93319E378A100171018 /* Debug */,
				2DE6F93419E378A100171018 /* Release */,
			);
			defaultConfigurationIsVisible = 0;
		};
/* End XCConfigurationList section */
	};
	rootObject = 2DE6F90419E378A100171018 /* Project object */;
}
